
Microsoft Visual Studio Solution File, Format Version 12.00
# Visual Studio Version 16
VisualStudioVersion = 16.0.29519.87
MinimumVisualStudioVersion = 10.0.40219.1
Project("{FAE04EC0-301F-11D3-BF4B-00C04F79EFBC}") = "EntityFrameworkApp", "EntityFrameworkApp\EntityFrameworkApp.csproj", "{14B0BA18-433D-4221-9ECD-0398042B27A4}"
EndProject
Project("{FAE04EC0-301F-11D3-BF4B-00C04F79EFBC}") = "PhoneBook", "PhoneBook\PhoneBook.csproj", "{45004366-D967-435D-8182-51F31DC602B7}"
EndProject
Project("{FAE04EC0-301F-11D3-BF4B-00C04F79EFBC}") = "EntityFrameworkSorgular", "EntityFrameworkSorgular\EntityFrameworkSorgular.csproj", "{B70CD90C-C72B-4FE1-9DE2-B3C2ED1D6F2F}"
EndProject
Project("{FAE04EC0-301F-11D3-BF4B-00C04F79EFBC}") = "EfConfigurations", "EfConfigurations\EfConfigurations.csproj", "{3203A8B1-48CB-471A-9075-A610E66CD2C6}"
EndProject
Global
	GlobalSection(SolutionConfigurationPlatforms) = preSolution
		Debug|Any CPU = Debug|Any CPU
		Release|Any CPU = Release|Any CPU
	EndGlobalSection
	GlobalSection(ProjectConfigurationPlatforms) = postSolution
		{14B0BA18-433D-4221-9ECD-0398042B27A4}.Debug|Any CPU.ActiveCfg = Debug|Any CPU
		{14B0BA18-433D-4221-9ECD-0398042B27A4}.Debug|Any CPU.Build.0 = Debug|Any CPU
		{14B0BA18-433D-4221-9ECD-0398042B27A4}.Release|Any CPU.ActiveCfg = Release|Any CPU
		{14B0BA18-433D-4221-9ECD-0398042B27A4}.Release|Any CPU.Build.0 = Release|Any CPU
		{45004366-D967-435D-8182-51F31DC602B7}.Debug|Any CPU.ActiveCfg = Debug|Any CPU
		{45004366-D967-435D-8182-51F31DC602B7}.Debug|Any CPU.Build.0 = Debug|Any CPU
		{45004366-D967-435D-8182-51F31DC602B7}.Release|Any CPU.ActiveCfg = Release|Any CPU
		{45004366-D967-435D-8182-51F31DC602B7}.Release|Any CPU.Build.0 = Release|Any CPU
		{B70CD90C-C72B-4FE1-9DE2-B3C2ED1D6F2F}.Debug|Any CPU.ActiveCfg = Debug|Any CPU
		{B70CD90C-C72B-4FE1-9DE2-B3C2ED1D6F2F}.Debug|Any CPU.Build.0 = Debug|Any CPU
		{B70CD90C-C72B-4FE1-9DE2-B3C2ED1D6F2F}.Release|Any CPU.ActiveCfg = Release|Any CPU
		{B70CD90C-C72B-4FE1-9DE2-B3C2ED1D6F2F}.Release|Any CPU.Build.0 = Release|Any CPU
		{3203A8B1-48CB-471A-9075-A610E66CD2C6}.Debug|Any CPU.ActiveCfg = Debug|Any CPU
		{3203A8B1-48CB-471A-9075-A610E66CD2C6}.Debug|Any CPU.Build.0 = Debug|Any CPU
		{3203A8B1-48CB-471A-9075-A610E66CD2C6}.Release|Any CPU.ActiveCfg = Release|Any CPU
		{3203A8B1-48CB-471A-9075-A610E66CD2C6}.Release|Any CPU.Build.0 = Release|Any CPU
	EndGlobalSection
	GlobalSection(SolutionProperties) = preSolution
		HideSolutionNode = FALSE
	EndGlobalSection
	GlobalSection(ExtensibilityGlobals) = postSolution
		SolutionGuid = {AEB58C19-6F34-481A-9365-0141CD5D57A0}
	EndGlobalSection
EndGlobal
